// !$*UTF8*$!
{
	archiveVersion = 1;
	classes = {
	};
	objectVersion = 50;
	objects = {

/* Begin PBXBuildFile section */
		CE3F415B20AD9422008991AA /* AppDelegate.swift in Sources */ = {isa = PBXBuildFile; fileRef = CE3F415A20AD9422008991AA /* AppDelegate.swift */; };
		CE3F415D20AD9422008991AA /* ViewController.swift in Sources */ = {isa = PBXBuildFile; fileRef = CE3F415C20AD9422008991AA /* ViewController.swift */; };
		CE3F416020AD9422008991AA /* Main.storyboard in Resources */ = {isa = PBXBuildFile; fileRef = CE3F415E20AD9422008991AA /* Main.storyboard */; };
		CE3F416220AD9423008991AA /* Assets.xcassets in Resources */ = {isa = PBXBuildFile; fileRef = CE3F416120AD9423008991AA /* Assets.xcassets */; };
		CE3F416520AD9423008991AA /* LaunchScreen.storyboard in Resources */ = {isa = PBXBuildFile; fileRef = CE3F416320AD9423008991AA /* LaunchScreen.storyboard */; };
		CE3F417020AD9423008991AA /* StepperViewTests.swift in Sources */ = {isa = PBXBuildFile; fileRef = CE3F416F20AD9423008991AA /* StepperViewTests.swift */; };
		CE3F417B20AD9423008991AA /* StepperViewUITests.swift in Sources */ = {isa = PBXBuildFile; fileRef = CE3F417A20AD9423008991AA /* StepperViewUITests.swift */; };
/* End PBXBuildFile section */

/* Begin PBXContainerItemProxy section */
		CE3F416C20AD9423008991AA /* PBXContainerItemProxy */ = {
			isa = PBXContainerItemProxy;
			containerPortal = CE3F414F20AD9422008991AA /* Project object */;
			proxyType = 1;
			remoteGlobalIDString = CE3F415620AD9422008991AA;
			remoteInfo = StepperView;
		};
		CE3F417720AD9423008991AA /* PBXContainerItemProxy */ = {
			isa = PBXContainerItemProxy;
			containerPortal = CE3F414F20AD9422008991AA /* Project object */;
			proxyType = 1;
			remoteGlobalIDString = CE3F415620AD9422008991AA;
			remoteInfo = StepperView;
		};
/* End PBXContainerItemProxy section */

/* Begin PBXFileReference section */
		CE3F415720AD9422008991AA /* StepperView.app */ = {isa = PBXFileReference; explicitFileType = wrapper.application; includeInIndex = 0; path = StepperView.app; sourceTree = BUILT_PRODUCTS_DIR; };
		CE3F415A20AD9422008991AA /* AppDelegate.swift */ = {isa = PBXFileReference; lastKnownFileType = sourcecode.swift; path = AppDelegate.swift; sourceTree = "<group>"; };
		CE3F415C20AD9422008991AA /* ViewController.swift */ = {isa = PBXFileReference; lastKnownFileType = sourcecode.swift; path = ViewController.swift; sourceTree = "<group>"; };
		CE3F415F20AD9422008991AA /* Base */ = {isa = PBXFileReference; lastKnownFileType = file.storyboard; name = Base; path = Base.lproj/Main.storyboard; sourceTree = "<group>"; };
		CE3F416120AD9423008991AA /* Assets.xcassets */ = {isa = PBXFileReference; lastKnownFileType = folder.assetcatalog; path = Assets.xcassets; sourceTree = "<group>"; };
		CE3F416420AD9423008991AA /* Base */ = {isa = PBXFileReference; lastKnownFileType = file.storyboard; name = Base; path = Base.lproj/LaunchScreen.storyboard; sourceTree = "<group>"; };
		CE3F416620AD9423008991AA /* Info.plist */ = {isa = PBXFileReference; lastKnownFileType = text.plist.xml; path = Info.plist; sourceTree = "<group>"; };
		CE3F416B20AD9423008991AA /* StepperViewTests.xctest */ = {isa = PBXFileReference; explicitFileType = wrapper.cfbundle; includeInIndex = 0; path = StepperViewTests.xctest; sourceTree = BUILT_PRODUCTS_DIR; };
		CE3F416F20AD9423008991AA /* StepperViewTests.swift */ = {isa = PBXFileReference; lastKnownFileType = sourcecode.swift; path = StepperViewTests.swift; sourceTree = "<group>"; };
		CE3F417120AD9423008991AA /* Info.plist */ = {isa = PBXFileReference; lastKnownFileType = text.plist.xml; path = Info.plist; sourceTree = "<group>"; };
		CE3F417620AD9423008991AA /* StepperViewUITests.xctest */ = {isa = PBXFileReference; explicitFileType = wrapper.cfbundle; includeInIndex = 0; path = StepperViewUITests.xctest; sourceTree = BUILT_PRODUCTS_DIR; };
		CE3F417A20AD9423008991AA /* StepperViewUITests.swift */ = {isa = PBXFileReference; lastKnownFileType = sourcecode.swift; path = StepperViewUITests.swift; sourceTree = "<group>"; };
		CE3F417C20AD9423008991AA /* Info.plist */ = {isa = PBXFileReference; lastKnownFileType = text.plist.xml; path = Info.plist; sourceTree = "<group>"; };
/* End PBXFileReference section */

/* Begin PBXFrameworksBuildPhase section */
		CE3F415420AD9422008991AA /* Frameworks */ = {
			isa = PBXFrameworksBuildPhase;
			buildActionMask = 2147483647;
			files = (
			);
			runOnlyForDeploymentPostprocessing = 0;
		};
		CE3F416820AD9423008991AA /* Frameworks */ = {
			isa = PBXFrameworksBuildPhase;
			buildActionMask = 2147483647;
			files = (
			);
			runOnlyForDeploymentPostprocessing = 0;
		};
		CE3F417320AD9423008991AA /* Frameworks */ = {
			isa = PBXFrameworksBuildPhase;
			buildActionMask = 2147483647;
			files = (
			);
			runOnlyForDeploymentPostprocessing = 0;
		};
/* End PBXFrameworksBuildPhase section */

/* Begin PBXGroup section */
		CE3F414E20AD9422008991AA = {
			isa = PBXGroup;
			children = (
				CE3F415920AD9422008991AA /* StepperView */,
				CE3F416E20AD9423008991AA /* StepperViewTests */,
				CE3F417920AD9423008991AA /* StepperViewUITests */,
				CE3F415820AD9422008991AA /* Products */,
			);
			sourceTree = "<group>";
		};
		CE3F415820AD9422008991AA /* Products */ = {
			isa = PBXGroup;
			children = (
				CE3F415720AD9422008991AA /* StepperView.app */,
				CE3F416B20AD9423008991AA /* StepperViewTests.xctest */,
				CE3F417620AD9423008991AA /* StepperViewUITests.xctest */,
			);
			name = Products;
			sourceTree = "<group>";
		};
		CE3F415920AD9422008991AA /* StepperView */ = {
			isa = PBXGroup;
			children = (
				CE3F415A20AD9422008991AA /* AppDelegate.swift */,
				CE3F415C20AD9422008991AA /* ViewController.swift */,
				CE3F415E20AD9422008991AA /* Main.storyboard */,
				CE3F416120AD9423008991AA /* Assets.xcassets */,
				CE3F416320AD9423008991AA /* LaunchScreen.storyboard */,
				CE3F416620AD9423008991AA /* Info.plist */,
			);
			path = StepperView;
			sourceTree = "<group>";
		};
		CE3F416E20AD9423008991AA /* StepperViewTests */ = {
			isa = PBXGroup;
			children = (
				CE3F416F20AD9423008991AA /* StepperViewTests.swift */,
				CE3F417120AD9423008991AA /* Info.plist */,
			);
			path = StepperViewTests;
			sourceTree = "<group>";
		};
		CE3F417920AD9423008991AA /* StepperViewUITests */ = {
			isa = PBXGroup;
			children = (
				CE3F417A20AD9423008991AA /* StepperViewUITests.swift */,
				CE3F417C20AD9423008991AA /* Info.plist */,
			);
			path = StepperViewUITests;
			sourceTree = "<group>";
		};
/* End PBXGroup section */

/* Begin PBXNativeTarget section */
		CE3F415620AD9422008991AA /* StepperView */ = {
			isa = PBXNativeTarget;
			buildConfigurationList = CE3F417F20AD9423008991AA /* Build configuration list for PBXNativeTarget "StepperView" */;
			buildPhases = (
				CE3F415320AD9422008991AA /* Sources */,
				CE3F415420AD9422008991AA /* Frameworks */,
				CE3F415520AD9422008991AA /* Resources */,
			);
			buildRules = (
			);
			dependencies = (
			);
			name = StepperView;
			productName = StepperView;
			productReference = CE3F415720AD9422008991AA /* StepperView.app */;
			productType = "com.apple.product-type.application";
		};
		CE3F416A20AD9423008991AA /* StepperViewTests */ = {
			isa = PBXNativeTarget;
			buildConfigurationList = CE3F418220AD9423008991AA /* Build configuration list for PBXNativeTarget "StepperViewTests" */;
			buildPhases = (
				CE3F416720AD9423008991AA /* Sources */,
				CE3F416820AD9423008991AA /* Frameworks */,
				CE3F416920AD9423008991AA /* Resources */,
			);
			buildRules = (
			);
			dependencies = (
				CE3F416D20AD9423008991AA /* PBXTargetDependency */,
			);
			name = StepperViewTests;
			productName = StepperViewTests;
			productReference = CE3F416B20AD9423008991AA /* StepperViewTests.xctest */;
			productType = "com.apple.product-type.bundle.unit-test";
		};
		CE3F417520AD9423008991AA /* StepperViewUITests */ = {
			isa = PBXNativeTarget;
			buildConfigurationList = CE3F418520AD9423008991AA /* Build configuration list for PBXNativeTarget "StepperViewUITests" */;
			buildPhases = (
				CE3F417220AD9423008991AA /* Sources */,
				CE3F417320AD9423008991AA /* Frameworks */,
				CE3F417420AD9423008991AA /* Resources */,
			);
			buildRules = (
			);
			dependencies = (
				CE3F417820AD9423008991AA /* PBXTargetDependency */,
			);
			name = StepperViewUITests;
			productName = StepperViewUITests;
			productReference = CE3F417620AD9423008991AA /* StepperViewUITests.xctest */;
			productType = "com.apple.product-type.bundle.ui-testing";
		};
/* End PBXNativeTarget section */

/* Begin PBXProject section */
		CE3F414F20AD9422008991AA /* Project object */ = {
			isa = PBXProject;
			attributes = {
				LastSwiftUpdateCheck = 0930;
				LastUpgradeCheck = 0930;
				ORGANIZATIONNAME = mCubes;
				TargetAttributes = {
					CE3F415620AD9422008991AA = {
						CreatedOnToolsVersion = 9.3;
					};
					CE3F416A20AD9423008991AA = {
						CreatedOnToolsVersion = 9.3;
						TestTargetID = CE3F415620AD9422008991AA;
					};
					CE3F417520AD9423008991AA = {
						CreatedOnToolsVersion = 9.3;
						TestTargetID = CE3F415620AD9422008991AA;
					};
				};
			};
			buildConfigurationList = CE3F415220AD9422008991AA /* Build configuration list for PBXProject "StepperView" */;
			compatibilityVersion = "Xcode 9.3";
			developmentRegion = en;
			hasScannedForEncodings = 0;
			knownRegions = (
				en,
				Base,
			);
			mainGroup = CE3F414E20AD9422008991AA;
			productRefGroup = CE3F415820AD9422008991AA /* Products */;
			projectDirPath = "";
			projectRoot = "";
			targets = (
				CE3F415620AD9422008991AA /* StepperView */,
				CE3F416A20AD9423008991AA /* StepperViewTests */,
				CE3F417520AD9423008991AA /* StepperViewUITests */,
			);
		};
/* End PBXProject section */

/* Begin PBXResourcesBuildPhase section */
		CE3F415520AD9422008991AA /* Resources */ = {
			isa = PBXResourcesBuildPhase;
			buildActionMask = 2147483647;
			files = (
				CE3F416520AD9423008991AA /* LaunchScreen.storyboard in Resources */,
				CE3F416220AD9423008991AA /* Assets.xcassets in Resources */,
				CE3F416020AD9422008991AA /* Main.storyboard in Resources */,
			);
			runOnlyForDeploymentPostprocessing = 0;
		};
		CE3F416920AD9423008991AA /* Resources */ = {
			isa = PBXResourcesBuildPhase;
			buildActionMask = 2147483647;
			files = (
			);
			runOnlyForDeploymentPostprocessing = 0;
		};
		CE3F417420AD9423008991AA /* Resources */ = {
			isa = PBXResourcesBuildPhase;
			buildActionMask = 2147483647;
			files = (
			);
			runOnlyForDeploymentPostprocessing = 0;
		};
/* End PBXResourcesBuildPhase section */

/* Begin PBXSourcesBuildPhase section */
		CE3F415320AD9422008991AA /* Sources */ = {
			isa = PBXSourcesBuildPhase;
			buildActionMask = 2147483647;
			files = (
				CE3F415D20AD9422008991AA /* ViewController.swift in Sources */,
				CE3F415B20AD9422008991AA /* AppDelegate.swift in Sources */,
			);
			runOnlyForDeploymentPostprocessing = 0;
		};
		CE3F416720AD9423008991AA /* Sources */ = {
			isa = PBXSourcesBuildPhase;
			buildActionMask = 2147483647;
			files = (
				CE3F417020AD9423008991AA /* StepperViewTests.swift in Sources */,
			);
			runOnlyForDeploymentPostprocessing = 0;
		};
		CE3F417220AD9423008991AA /* Sources */ = {
			isa = PBXSourcesBuildPhase;
			buildActionMask = 2147483647;
			files = (
				CE3F417B20AD9423008991AA /* StepperViewUITests.swift in Sources */,
			);
			runOnlyForDeploymentPostprocessing = 0;
		};
/* End PBXSourcesBuildPhase section */

/* Begin PBXTargetDependency section */
		CE3F416D20AD9423008991AA /* PBXTargetDependency */ = {
			isa = PBXTargetDependency;
			target = CE3F415620AD9422008991AA /* StepperView */;
			targetProxy = CE3F416C20AD9423008991AA /* PBXContainerItemProxy */;
		};
		CE3F417820AD9423008991AA /* PBXTargetDependency */ = {
			isa = PBXTargetDependency;
			target = CE3F415620AD9422008991AA /* StepperView */;
			targetProxy = CE3F417720AD9423008991AA /* PBXContainerItemProxy */;
		};
/* End PBXTargetDependency section */

/* Begin PBXVariantGroup section */
		CE3F415E20AD9422008991AA /* Main.storyboard */ = {
			isa = PBXVariantGroup;
			children = (
				CE3F415F20AD9422008991AA /* Base */,
			);
			name = Main.storyboard;
			sourceTree = "<group>";
		};
		CE3F416320AD9423008991AA /* LaunchScreen.storyboard */ = {
			isa = PBXVariantGroup;
			children = (
				CE3F416420AD9423008991AA /* Base */,
			);
			name = LaunchScreen.storyboard;
			sourceTree = "<group>";
		};
/* End PBXVariantGroup section */

/* Begin XCBuildConfiguration section */
		CE3F417D20AD9423008991AA /* Debug */ = {
			isa = XCBuildConfiguration;
			buildSettings = {
				ALWAYS_SEARCH_USER_PATHS = NO;
				CLANG_ANALYZER_NONNULL = YES;
				CLANG_ANALYZER_NUMBER_OBJECT_CONVERSION = YES_AGGRESSIVE;
				CLANG_CXX_LANGUAGE_STANDARD = "gnu++14";
				CLANG_CXX_LIBRARY = "libc++";
				CLANG_ENABLE_MODULES = YES;
				CLANG_ENABLE_OBJC_ARC = YES;
				CLANG_ENABLE_OBJC_WEAK = YES;
				CLANG_WARN_BLOCK_CAPTURE_AUTORELEASING = YES;
				CLANG_WARN_BOOL_CONVERSION = YES;
				CLANG_WARN_COMMA = YES;
				CLANG_WARN_CONSTANT_CONVERSION = YES;
				CLANG_WARN_DEPRECATED_OBJC_IMPLEMENTATIONS = YES;
				CLANG_WARN_DIRECT_OBJC_ISA_USAGE = YES_ERROR;
				CLANG_WARN_DOCUMENTATION_COMMENTS = YES;
				CLANG_WARN_EMPTY_BODY = YES;
				CLANG_WARN_ENUM_CONVERSION = YES;
				CLANG_WARN_INFINITE_RECURSION = YES;
				CLANG_WARN_INT_CONVERSION = YES;
				CLANG_WARN_NON_LITERAL_NULL_CONVERSION = YES;
				CLANG_WARN_OBJC_IMPLICIT_RETAIN_SELF = YES;
				CLANG_WARN_OBJC_LITERAL_CONVERSION = YES;
				CLANG_WARN_OBJC_ROOT_CLASS = YES_ERROR;
				CLANG_WARN_RANGE_LOOP_ANALYSIS = YES;
				CLANG_WARN_STRICT_PROTOTYPES = YES;
				CLANG_WARN_SUSPICIOUS_MOVE = YES;
				CLANG_WARN_UNGUARDED_AVAILABILITY = YES_AGGRESSIVE;
				CLANG_WARN_UNREACHABLE_CODE = YES;
				CLANG_WARN__DUPLICATE_METHOD_MATCH = YES;
				CODE_SIGN_IDENTITY = "iPhone Developer";
				COPY_PHASE_STRIP = NO;
				DEBUG_INFORMATION_FORMAT = dwarf;
				ENABLE_STRICT_OBJC_MSGSEND = YES;
				ENABLE_TESTABILITY = YES;
				GCC_C_LANGUAGE_STANDARD = gnu11;
				GCC_DYNAMIC_NO_PIC = NO;
				GCC_NO_COMMON_BLOCKS = YES;
				GCC_OPTIMIZATION_LEVEL = 0;
				GCC_PREPROCESSOR_DEFINITIONS = (
					"DEBUG=1",
					"$(inherited)",
				);
				GCC_WARN_64_TO_32_BIT_CONVERSION = YES;
				GCC_WARN_ABOUT_RETURN_TYPE = YES_ERROR;
				GCC_WARN_UNDECLARED_SELECTOR = YES;
				GCC_WARN_UNINITIALIZED_AUTOS = YES_AGGRESSIVE;
				GCC_WARN_UNUSED_FUNCTION = YES;
				GCC_WARN_UNUSED_VARIABLE = YES;
				IPHONEOS_DEPLOYMENT_TARGET = 11.3;
				MTL_ENABLE_DEBUG_INFO = YES;
				ONLY_ACTIVE_ARCH = YES;
				SDKROOT = iphoneos;
				SWIFT_ACTIVE_COMPILATION_CONDITIONS = DEBUG;
				SWIFT_OPTIMIZATION_LEVEL = "-Onone";
			};
			name = Debug;
		};
		CE3F417E20AD9423008991AA /* Release */ = {
			isa = XCBuildConfiguration;
			buildSettings = {
				ALWAYS_SEARCH_USER_PATHS = NO;
				CLANG_ANALYZER_NONNULL = YES;
				CLANG_ANALYZER_NUMBER_OBJECT_CONVERSION = YES_AGGRESSIVE;
				CLANG_CXX_LANGUAGE_STANDARD = "gnu++14";
				CLANG_CXX_LIBRARY = "libc++";
				CLANG_ENABLE_MODULES = YES;
				CLANG_ENABLE_OBJC_ARC = YES;
				CLANG_ENABLE_OBJC_WEAK = YES;
				CLANG_WARN_BLOCK_CAPTURE_AUTORELEASING = YES;
				CLANG_WARN_BOOL_CONVERSION = YES;
				CLANG_WARN_COMMA = YES;
				CLANG_WARN_CONSTANT_CONVERSION = YES;
				CLANG_WARN_DEPRECATED_OBJC_IMPLEMENTATIONS = YES;
				CLANG_WARN_DIRECT_OBJC_ISA_USAGE = YES_ERROR;
				CLANG_WARN_DOCUMENTATION_COMMENTS = YES;
				CLANG_WARN_EMPTY_BODY = YES;
				CLANG_WARN_ENUM_CONVERSION = YES;
				CLANG_WARN_INFINITE_RECURSION = YES;
				CLANG_WARN_INT_CONVERSION = YES;
				CLANG_WARN_NON_LITERAL_NULL_CONVERSION = YES;
				CLANG_WARN_OBJC_IMPLICIT_RETAIN_SELF = YES;
				CLANG_WARN_OBJC_LITERAL_CONVERSION = YES;
				CLANG_WARN_OBJC_ROOT_CLASS = YES_ERROR;
				CLANG_WARN_RANGE_LOOP_ANALYSIS = YES;
				CLANG_WARN_STRICT_PROTOTYPES = YES;
				CLANG_WARN_SUSPICIOUS_MOVE = YES;
				CLANG_WARN_UNGUARDED_AVAILABILITY = YES_AGGRESSIVE;
				CLANG_WARN_UNREACHABLE_CODE = YES;
				CLANG_WARN__DUPLICATE_METHOD_MATCH = YES;
				CODE_SIGN_IDENTITY = "iPhone Developer";
				COPY_PHASE_STRIP = NO;
				DEBUG_INFORMATION_FORMAT = "dwarf-with-dsym";
				ENABLE_NS_ASSERTIONS = NO;
				ENABLE_STRICT_OBJC_MSGSEND = YES;
				GCC_C_LANGUAGE_STANDARD = gnu11;
				GCC_NO_COMMON_BLOCKS = YES;
				GCC_WARN_64_TO_32_BIT_CONVERSION = YES;
				GCC_WARN_ABOUT_RETURN_TYPE = YES_ERROR;
				GCC_WARN_UNDECLARED_SELECTOR = YES;
				GCC_WARN_UNINITIALIZED_AUTOS = YES_AGGRESSIVE;
				GCC_WARN_UNUSED_FUNCTION = YES;
				GCC_WARN_UNUSED_VARIABLE = YES;
				IPHONEOS_DEPLOYMENT_TARGET = 11.3;
				MTL_ENABLE_DEBUG_INFO = NO;
				SDKROOT = iphoneos;
				SWIFT_COMPILATION_MODE = wholemodule;
				SWIFT_OPTIMIZATION_LEVEL = "-O";
				VALIDATE_PRODUCT = YES;
			};
			name = Release;
		};
		CE3F418020AD9423008991AA /* Debug */ = {
			isa = XCBuildConfiguration;
			buildSettings = {
				ASSETCATALOG_COMPILER_APPICON_NAME = AppIcon;
				CODE_SIGN_STYLE = Automatic;
				INFOPLIST_FILE = StepperView/Info.plist;
				LD_RUNPATH_SEARCH_PATHS = (
					"$(inherited)",
					"@executable_path/Frameworks",
				);
				PRODUCT_BUNDLE_IDENTIFIER = com.manna.www.StepperView;
				PRODUCT_NAME = "$(TARGET_NAME)";
				SWIFT_VERSION = 4.0;
				TARGETED_DEVICE_FAMILY = "1,2";
			};
			name = Debug;
		};
		CE3F418120AD9423008991AA /* Release */ = {
			isa = XCBuildConfiguration;
			buildSettings = {
				ASSETCATALOG_COMPILER_APPICON_NAME = AppIcon;
				CODE_SIGN_STYLE = Automatic;
				INFOPLIST_FILE = StepperView/Info.plist;
				LD_RUNPATH_SEARCH_PATHS = (
					"$(inherited)",
					"@executable_path/Frameworks",
				);
				PRODUCT_BUNDLE_IDENTIFIER = com.manna.www.StepperView;
				PRODUCT_NAME = "$(TARGET_NAME)";
				SWIFT_VERSION = 4.0;
				TARGETED_DEVICE_FAMILY = "1,2";
			};
			name = Release;
		};
		CE3F418320AD9423008991AA /* Debug */ = {
			isa = XCBuildConfiguration;
			buildSettings = {
				ALWAYS_EMBED_SWIFT_STANDARD_LIBRARIES = YES;
				BUNDLE_LOADER = "$(TEST_HOST)";
				CODE_SIGN_STYLE = Automatic;
				INFOPLIST_FILE = StepperViewTests/Info.plist;
				LD_RUNPATH_SEARCH_PATHS = (
					"$(inherited)",
					"@executable_path/Frameworks",
					"@loader_path/Frameworks",
				);
				PRODUCT_BUNDLE_IDENTIFIER = com.manna.www.StepperViewTests;
				PRODUCT_NAME = "$(TARGET_NAME)";
				SWIFT_VERSION = 4.0;
				TARGETED_DEVICE_FAMILY = "1,2";
				TEST_HOST = "$(BUILT_PRODUCTS_DIR)/StepperView.app/StepperView";
			};
			name = Debug;
		};
		CE3F418420AD9423008991AA /* Release */ = {
			isa = XCBuildConfiguration;
			buildSettings = {
				ALWAYS_EMBED_SWIFT_STANDARD_LIBRARIES = YES;
				BUNDLE_LOADER = "$(TEST_HOST)";
				CODE_SIGN_STYLE = Automatic;
				INFOPLIST_FILE = StepperViewTests/Info.plist;
				LD_RUNPATH_SEARCH_PATHS = (
					"$(inherited)",
					"@executable_path/Frameworks",
					"@loader_path/Frameworks",
				);
				PRODUCT_BUNDLE_IDENTIFIER = com.manna.www.StepperViewTests;
				PRODUCT_NAME = "$(TARGET_NAME)";
				SWIFT_VERSION = 4.0;
				TARGETED_DEVICE_FAMILY = "1,2";
				TEST_HOST = "$(BUILT_PRODUCTS_DIR)/StepperView.app/StepperView";
			};
			name = Release;
		};
		CE3F418620AD9423008991AA /* Debug */ = {
			isa = XCBuildConfiguration;
			buildSettings = {
				ALWAYS_EMBED_SWIFT_STANDARD_LIBRARIES = YES;
				CODE_SIGN_STYLE = Automatic;
				INFOPLIST_FILE = StepperViewUITests/Info.plist;
				LD_RUNPATH_SEARCH_PATHS = (
					"$(inherited)",
					"@executable_path/Frameworks",
					"@loader_path/Frameworks",
				);
				PRODUCT_BUNDLE_IDENTIFIER = com.manna.www.StepperViewUITests;
				PRODUCT_NAME = "$(TARGET_NAME)";
				SWIFT_VERSION = 4.0;
				TARGETED_DEVICE_FAMILY = "1,2";
				TEST_TARGET_NAME = StepperView;
			};
			name = Debug;
		};
		CE3F418720AD9423008991AA /* Release */ = {
			isa = XCBuildConfiguration;
			buildSettings = {
				ALWAYS_EMBED_SWIFT_STANDARD_LIBRARIES = YES;
				CODE_SIGN_STYLE = Automatic;
				INFOPLIST_FILE = StepperViewUITests/Info.plist;
				LD_RUNPATH_SEARCH_PATHS = (
					"$(inherited)",
					"@executable_path/Frameworks",
					"@loader_path/Frameworks",
				);
				PRODUCT_BUNDLE_IDENTIFIER = com.manna.www.StepperViewUITests;
				PRODUCT_NAME = "$(TARGET_NAME)";
				SWIFT_VERSION = 4.0;
				TARGETED_DEVICE_FAMILY = "1,2";
				TEST_TARGET_NAME = StepperView;
			};
			name = Release;
		};
/* End XCBuildConfiguration section */

/* Begin XCConfigurationList section */
		CE3F415220AD9422008991AA /* Build configuration list for PBXProject "StepperView" */ = {
			isa = XCConfigurationList;
			buildConfigurations = (
				CE3F417D20AD9423008991AA /* Debug */,
				CE3F417E20AD9423008991AA /* Release */,
			);
			defaultConfigurationIsVisible = 0;
			defaultConfigurationName = Release;
		};
		CE3F417F20AD9423008991AA /* Build configuration list for PBXNativeTarget "StepperView" */ = {
			isa = XCConfigurationList;
			buildConfigurations = (
				CE3F418020AD9423008991AA /* Debug */,
				CE3F418120AD9423008991AA /* Release */,
			);
			defaultConfigurationIsVisible = 0;
			defaultConfigurationName = Release;
		};
		CE3F418220AD9423008991AA /* Build configuration list for PBXNativeTarget "StepperViewTests" */ = {
			isa = XCConfigurationList;
			buildConfigurations = (
				CE3F418320AD9423008991AA /* Debug */,
				CE3F418420AD9423008991AA /* Release */,
			);
			defaultConfigurationIsVisible = 0;
			defaultConfigurationName = Release;
		};
		CE3F418520AD9423008991AA /* Build configuration list for PBXNativeTarget "StepperViewUITests" */ = {
			isa = XCConfigurationList;
			buildConfigurations = (
				CE3F418620AD9423008991AA /* Debug */,
				CE3F418720AD9423008991AA /* Release */,
			);
			defaultConfigurationIsVisible = 0;
			defaultConfigurationName = Release;
		};
/* End XCConfigurationList section */
	};
	rootObject = CE3F414F20AD9422008991AA /* Project object */;
}
